# THIS IS AN AUTOGENERATED FILE. DO NOT EDIT THIS FILE DIRECTLY.
# yarn lockfile v1


"@googlemaps/js-api-loader@^1.16.6":
  version "1.16.8"
  resolved "https://registry.yarnpkg.com/@googlemaps/js-api-loader/-/js-api-loader-1.16.8.tgz#1595a2af80ca07e551fc961d921a2437d1cb3643"
  integrity sha512-CROqqwfKotdO6EBjZO/gQGVTbeDps5V7Mt9+8+5Q+jTg5CRMi3Ii/L9PmV3USROrt2uWxtGzJHORmByxyo9pSQ==

bootstrap-icons@^1.11.3:
  version "1.11.3"
  resolved "https://registry.yarnpkg.com/bootstrap-icons/-/bootstrap-icons-1.11.3.tgz#03f9cb754ec005c52f9ee616e2e84a82cab3084b"
  integrity sha512-+3lpHrCw/it2/7lBL15VR0HEumaBss0+f/Lb6ZvHISn1mlK83jjFpooTLsMWbIjJMDjDjOExMsTxnXSIT4k4ww==

bootstrap@^5.3.3:
  version "5.3.5"
  resolved "https://registry.yarnpkg.com/bootstrap/-/bootstrap-5.3.5.tgz#be42cfe0d580e97ee1abb7d38ce94f5c393c9bb6"
  integrity sha512-ct1CHKtiobRimyGzmsSldEtM03E8fcEX4Tb3dGXz1V8faRwM50+vfHwTzOxB3IlKO7m+9vTH3s/3C6T2EAPeTA==

htmx.org@^2.0.3:
  version "2.0.4"
  resolved "https://registry.yarnpkg.com/htmx.org/-/htmx.org-2.0.4.tgz#74fce66b177eb59c6d251ecf1052a2478743bec9"
  integrity sha512-HLxMCdfXDOJirs3vBZl/ZLoY+c7PfM4Ahr2Ad4YXh6d22T5ltbTXFFkpx9Tgb2vvmWFMbIc3LqN2ToNkZJvyYQ==

leaflet-geosearch@^4.0.0:
  version "4.2.0"
  resolved "https://registry.yarnpkg.com/leaflet-geosearch/-/leaflet-geosearch-4.2.0.tgz#0b3e3eb35377be37e7cec65f9b08b093c40ee78a"
  integrity sha512-UWNhFSaUcLlAP5UQY75ziWCl3cp0UCcmcFczPHLHjuAVPOHoPTe0nSgHJuI3pSTJBQm46NYoZOlgonrWceUznQ==
  optionalDependencies:
    "@googlemaps/js-api-loader" "^1.16.6"
    leaflet "^1.6.0"

leaflet.locatecontrol@^0.81.1:
  version "0.81.1"
  resolved "https://registry.yarnpkg.com/leaflet.locatecontrol/-/leaflet.locatecontrol-0.81.1.tgz#8aec3124ef5cdda3476fd9013315789b4e301a45"
  integrity sha512-ZtsdScGufPw330X3UIaGGjnfQ1NrhLySnlruWufIMnfzsHgQPz0+mSxsCQMVh7QgOBoefCGb/lioSejiaNx1EQ==

leaflet@^1.6.0, leaflet@^1.9.4:
  version "1.9.4"
  resolved "https://registry.yarnpkg.com/leaflet/-/leaflet-1.9.4.tgz#23fae724e282fa25745aff82ca4d394748db7d8d"
  integrity sha512-nxS1ynzJOmOlHp+iL3FyWqK89GtNL8U8rvlMOsQdTTssxZwCXh8N2NB3GDQOL+YR3XnWyZAxwQixURb+FA74PA==
